
Microsoft Visual Studio Solution File, Format Version 12.00
# Visual Studio Version 17
VisualStudioVersion = 17.2.32616.157
MinimumVisualStudioVersion = 10.0.40219.1
Project("{FAE04EC0-301F-11D3-BF4B-00C04F79EFBC}") = "MVC_Entity_CrudApp", "MVC_Entity_CrudApp.csproj", "{9EBEF168-6788-46AA-9EC2-2112C597021B}"
EndProject
Global
	GlobalSection(SolutionConfigurationPlatforms) = preSolution
		Debug|Any CPU = Debug|Any CPU
		Release|Any CPU = Release|Any CPU
	EndGlobalSection
	GlobalSection(ProjectConfigurationPlatforms) = postSolution
		{9EBEF168-6788-46AA-9EC2-2112C597021B}.Debug|Any CPU.ActiveCfg = Debug|Any CPU
		{9EBEF168-6788-46AA-9EC2-2112C597021B}.Debug|Any CPU.Build.0 = Debug|Any CPU
		{9EBEF168-6788-46AA-9EC2-2112C597021B}.Release|Any CPU.ActiveCfg = Release|Any CPU
		{9EBEF168-6788-46AA-9EC2-2112C597021B}.Release|Any CPU.Build.0 = Release|Any CPU
	EndGlobalSection
	GlobalSection(SolutionProperties) = preSolution
		HideSolutionNode = FALSE
	EndGlobalSection
	GlobalSection(ExtensibilityGlobals) = postSolution
		SolutionGuid = {54848803-E63A-48E7-9E09-2EBF2DE8405E}
	EndGlobalSection
EndGlobal
